
Microsoft Visual Studio Solution File, Format Version 12.00
# Visual Studio Version 16
VisualStudioVersion = 16.0.28803.156
MinimumVisualStudioVersion = 10.0.40219.1
Project("{9A19103F-16F7-4668-BE54-9A1E7A4F7556}") = "Wokhan.Data.Providers.OracleManagedDataProvider", "OracleManagedDataProvider\Wokhan.Data.Providers.OracleManagedDataProvider.csproj", "{2D43D4C6-79E9-463C-8D67-F932DFC6EDBF}"
EndProject
Project("{9A19103F-16F7-4668-BE54-9A1E7A4F7556}") = "Wokhan.Data.Providers.ExcelDataProvider", "ExcelDataProvider\Wokhan.Data.Providers.ExcelDataProvider.csproj", "{1CECEE50-B636-4844-BABE-FA8501DEC32E}"
EndProject
Project("{9A19103F-16F7-4668-BE54-9A1E7A4F7556}") = "Wokhan.Data.Providers", "DataProviders\Wokhan.Data.Providers.csproj", "{AB2C616C-8B8D-40DB-B460-36C71A9FEF21}"
EndProject
Project("{9A19103F-16F7-4668-BE54-9A1E7A4F7556}") = "Wokhan.Data.Providers.NPOIExcelDataProvider", "NPOIExcelDataProvider\Wokhan.Data.Providers.NPOIExcelDataProvider.csproj", "{140BF132-258A-4EA1-8611-1D5F4AC40449}"
EndProject
Project("{9A19103F-16F7-4668-BE54-9A1E7A4F7556}") = "Wokhan.Data.Providers.TIBCOMDMDataProvider", "TIBCOMDMDataProvider\Wokhan.Data.Providers.TIBCOMDMDataProvider.csproj", "{8529476C-DCAA-49F3-9997-0D6DCA63D23D}"
EndProject
Project("{9A19103F-16F7-4668-BE54-9A1E7A4F7556}") = "Wokhan.Data.Providers.Ldap", "LdapDataProvider\Wokhan.Data.Providers.Ldap.csproj", "{AB4AB5ED-91FE-4274-A219-8474FFFE52F2}"
EndProject
Project("{9A19103F-16F7-4668-BE54-9A1E7A4F7556}") = "Database.Core", "Database.Core\Database.Core.csproj", "{07033D26-130E-4749-95FF-283391CE73E4}"
EndProject
Global
	GlobalSection(SolutionConfigurationPlatforms) = preSolution
		Debug|Any CPU = Debug|Any CPU
		Debug|x64 = Debug|x64
		Debug|x86 = Debug|x86
		Release|Any CPU = Release|Any CPU
		Release|x64 = Release|x64
		Release|x86 = Release|x86
	EndGlobalSection
	GlobalSection(ProjectConfigurationPlatforms) = postSolution
		{2D43D4C6-79E9-463C-8D67-F932DFC6EDBF}.Debug|Any CPU.ActiveCfg = Debug|Any CPU
		{2D43D4C6-79E9-463C-8D67-F932DFC6EDBF}.Debug|Any CPU.Build.0 = Debug|Any CPU
		{2D43D4C6-79E9-463C-8D67-F932DFC6EDBF}.Debug|x64.ActiveCfg = Debug|Any CPU
		{2D43D4C6-79E9-463C-8D67-F932DFC6EDBF}.Debug|x64.Build.0 = Debug|Any CPU
		{2D43D4C6-79E9-463C-8D67-F932DFC6EDBF}.Debug|x86.ActiveCfg = Debug|Any CPU
		{2D43D4C6-79E9-463C-8D67-F932DFC6EDBF}.Debug|x86.Build.0 = Debug|Any CPU
		{2D43D4C6-79E9-463C-8D67-F932DFC6EDBF}.Release|Any CPU.ActiveCfg = Release|Any CPU
		{2D43D4C6-79E9-463C-8D67-F932DFC6EDBF}.Release|Any CPU.Build.0 = Release|Any CPU
		{2D43D4C6-79E9-463C-8D67-F932DFC6EDBF}.Release|x64.ActiveCfg = Release|Any CPU
		{2D43D4C6-79E9-463C-8D67-F932DFC6EDBF}.Release|x64.Build.0 = Release|Any CPU
		{2D43D4C6-79E9-463C-8D67-F932DFC6EDBF}.Release|x86.ActiveCfg = Release|Any CPU
		{2D43D4C6-79E9-463C-8D67-F932DFC6EDBF}.Release|x86.Build.0 = Release|Any CPU
		{1CECEE50-B636-4844-BABE-FA8501DEC32E}.Debug|Any CPU.ActiveCfg = Debug|Any CPU
		{1CECEE50-B636-4844-BABE-FA8501DEC32E}.Debug|Any CPU.Build.0 = Debug|Any CPU
		{1CECEE50-B636-4844-BABE-FA8501DEC32E}.Debug|x64.ActiveCfg = Debug|Any CPU
		{1CECEE50-B636-4844-BABE-FA8501DEC32E}.Debug|x64.Build.0 = Debug|Any CPU
		{1CECEE50-B636-4844-BABE-FA8501DEC32E}.Debug|x86.ActiveCfg = Debug|Any CPU
		{1CECEE50-B636-4844-BABE-FA8501DEC32E}.Debug|x86.Build.0 = Debug|Any CPU
		{1CECEE50-B636-4844-BABE-FA8501DEC32E}.Release|Any CPU.ActiveCfg = Release|Any CPU
		{1CECEE50-B636-4844-BABE-FA8501DEC32E}.Release|Any CPU.Build.0 = Release|Any CPU
		{1CECEE50-B636-4844-BABE-FA8501DEC32E}.Release|x64.ActiveCfg = Release|Any CPU
		{1CECEE50-B636-4844-BABE-FA8501DEC32E}.Release|x64.Build.0 = Release|Any CPU
		{1CECEE50-B636-4844-BABE-FA8501DEC32E}.Release|x86.ActiveCfg = Release|Any CPU
		{1CECEE50-B636-4844-BABE-FA8501DEC32E}.Release|x86.Build.0 = Release|Any CPU
		{AB2C616C-8B8D-40DB-B460-36C71A9FEF21}.Debug|Any CPU.ActiveCfg = Debug|Any CPU
		{AB2C616C-8B8D-40DB-B460-36C71A9FEF21}.Debug|Any CPU.Build.0 = Debug|Any CPU
		{AB2C616C-8B8D-40DB-B460-36C71A9FEF21}.Debug|x64.ActiveCfg = Debug|Any CPU
		{AB2C616C-8B8D-40DB-B460-36C71A9FEF21}.Debug|x64.Build.0 = Debug|Any CPU
		{AB2C616C-8B8D-40DB-B460-36C71A9FEF21}.Debug|x86.ActiveCfg = Debug|Any CPU
		{AB2C616C-8B8D-40DB-B460-36C71A9FEF21}.Debug|x86.Build.0 = Debug|Any CPU
		{AB2C616C-8B8D-40DB-B460-36C71A9FEF21}.Release|Any CPU.ActiveCfg = Release|Any CPU
		{AB2C616C-8B8D-40DB-B460-36C71A9FEF21}.Release|Any CPU.Build.0 = Release|Any CPU
		{AB2C616C-8B8D-40DB-B460-36C71A9FEF21}.Release|x64.ActiveCfg = Release|Any CPU
		{AB2C616C-8B8D-40DB-B460-36C71A9FEF21}.Release|x64.Build.0 = Release|Any CPU
		{AB2C616C-8B8D-40DB-B460-36C71A9FEF21}.Release|x86.ActiveCfg = Release|Any CPU
		{AB2C616C-8B8D-40DB-B460-36C71A9FEF21}.Release|x86.Build.0 = Release|Any CPU
		{140BF132-258A-4EA1-8611-1D5F4AC40449}.Debug|Any CPU.ActiveCfg = Debug|Any CPU
		{140BF132-258A-4EA1-8611-1D5F4AC40449}.Debug|Any CPU.Build.0 = Debug|Any CPU
		{140BF132-258A-4EA1-8611-1D5F4AC40449}.Debug|x64.ActiveCfg = Debug|Any CPU
		{140BF132-258A-4EA1-8611-1D5F4AC40449}.Debug|x64.Build.0 = Debug|Any CPU
		{140BF132-258A-4EA1-8611-1D5F4AC40449}.Debug|x86.ActiveCfg = Debug|Any CPU
		{140BF132-258A-4EA1-8611-1D5F4AC40449}.Debug|x86.Build.0 = Debug|Any CPU
		{140BF132-258A-4EA1-8611-1D5F4AC40449}.Release|Any CPU.ActiveCfg = Release|Any CPU
		{140BF132-258A-4EA1-8611-1D5F4AC40449}.Release|Any CPU.Build.0 = Release|Any CPU
		{140BF132-258A-4EA1-8611-1D5F4AC40449}.Release|x64.ActiveCfg = Release|Any CPU
		{140BF132-258A-4EA1-8611-1D5F4AC40449}.Release|x64.Build.0 = Release|Any CPU
		{140BF132-258A-4EA1-8611-1D5F4AC40449}.Release|x86.ActiveCfg = Release|Any CPU
		{140BF132-258A-4EA1-8611-1D5F4AC40449}.Release|x86.Build.0 = Release|Any CPU
		{8529476C-DCAA-49F3-9997-0D6DCA63D23D}.Debug|Any CPU.ActiveCfg = Debug|Any CPU
		{8529476C-DCAA-49F3-9997-0D6DCA63D23D}.Debug|Any CPU.Build.0 = Debug|Any CPU
		{8529476C-DCAA-49F3-9997-0D6DCA63D23D}.Debug|x64.ActiveCfg = Debug|Any CPU
		{8529476C-DCAA-49F3-9997-0D6DCA63D23D}.Debug|x64.Build.0 = Debug|Any CPU
		{8529476C-DCAA-49F3-9997-0D6DCA63D23D}.Debug|x86.ActiveCfg = Debug|Any CPU
		{8529476C-DCAA-49F3-9997-0D6DCA63D23D}.Debug|x86.Build.0 = Debug|Any CPU
		{8529476C-DCAA-49F3-9997-0D6DCA63D23D}.Release|Any CPU.ActiveCfg = Release|Any CPU
		{8529476C-DCAA-49F3-9997-0D6DCA63D23D}.Release|Any CPU.Build.0 = Release|Any CPU
		{8529476C-DCAA-49F3-9997-0D6DCA63D23D}.Release|x64.ActiveCfg = Release|Any CPU
		{8529476C-DCAA-49F3-9997-0D6DCA63D23D}.Release|x64.Build.0 = Release|Any CPU
		{8529476C-DCAA-49F3-9997-0D6DCA63D23D}.Release|x86.ActiveCfg = Release|Any CPU
		{8529476C-DCAA-49F3-9997-0D6DCA63D23D}.Release|x86.Build.0 = Release|Any CPU
		{AB4AB5ED-91FE-4274-A219-8474FFFE52F2}.Debug|Any CPU.ActiveCfg = Debug|Any CPU
		{AB4AB5ED-91FE-4274-A219-8474FFFE52F2}.Debug|Any CPU.Build.0 = Debug|Any CPU
		{AB4AB5ED-91FE-4274-A219-8474FFFE52F2}.Debug|x64.ActiveCfg = Debug|Any CPU
		{AB4AB5ED-91FE-4274-A219-8474FFFE52F2}.Debug|x64.Build.0 = Debug|Any CPU
		{AB4AB5ED-91FE-4274-A219-8474FFFE52F2}.Debug|x86.ActiveCfg = Debug|Any CPU
		{AB4AB5ED-91FE-4274-A219-8474FFFE52F2}.Debug|x86.Build.0 = Debug|Any CPU
		{AB4AB5ED-91FE-4274-A219-8474FFFE52F2}.Release|Any CPU.ActiveCfg = Release|Any CPU
		{AB4AB5ED-91FE-4274-A219-8474FFFE52F2}.Release|Any CPU.Build.0 = Release|Any CPU
		{AB4AB5ED-91FE-4274-A219-8474FFFE52F2}.Release|x64.ActiveCfg = Release|Any CPU
		{AB4AB5ED-91FE-4274-A219-8474FFFE52F2}.Release|x64.Build.0 = Release|Any CPU
		{AB4AB5ED-91FE-4274-A219-8474FFFE52F2}.Release|x86.ActiveCfg = Release|Any CPU
		{AB4AB5ED-91FE-4274-A219-8474FFFE52F2}.Release|x86.Build.0 = Release|Any CPU
		{07033D26-130E-4749-95FF-283391CE73E4}.Debug|Any CPU.ActiveCfg = Debug|Any CPU
		{07033D26-130E-4749-95FF-283391CE73E4}.Debug|Any CPU.Build.0 = Debug|Any CPU
		{07033D26-130E-4749-95FF-283391CE73E4}.Debug|x64.ActiveCfg = Debug|Any CPU
		{07033D26-130E-4749-95FF-283391CE73E4}.Debug|x64.Build.0 = Debug|Any CPU
		{07033D26-130E-4749-95FF-283391CE73E4}.Debug|x86.ActiveCfg = Debug|Any CPU
		{07033D26-130E-4749-95FF-283391CE73E4}.Debug|x86.Build.0 = Debug|Any CPU
		{07033D26-130E-4749-95FF-283391CE73E4}.Release|Any CPU.ActiveCfg = Release|Any CPU
		{07033D26-130E-4749-95FF-283391CE73E4}.Release|Any CPU.Build.0 = Release|Any CPU
		{07033D26-130E-4749-95FF-283391CE73E4}.Release|x64.ActiveCfg = Release|Any CPU
		{07033D26-130E-4749-95FF-283391CE73E4}.Release|x64.Build.0 = Release|Any CPU
		{07033D26-130E-4749-95FF-283391CE73E4}.Release|x86.ActiveCfg = Release|Any CPU
		{07033D26-130E-4749-95FF-283391CE73E4}.Release|x86.Build.0 = Release|Any CPU
	EndGlobalSection
	GlobalSection(SolutionProperties) = preSolution
		HideSolutionNode = FALSE
	EndGlobalSection
	GlobalSection(ExtensibilityGlobals) = postSolution
		SolutionGuid = {4BB7C6B8-DAF4-4E01-B502-9E26075F82B2}
	EndGlobalSection
	GlobalSection(Performance) = preSolution
		HasPerformanceSessions = true
	EndGlobalSection
EndGlobal
