
Microsoft Visual Studio Solution File, Format Version 12.00
# Visual Studio Version 17
VisualStudioVersion = 17.0.32112.339
MinimumVisualStudioVersion = 10.0.40219.1
Project("{9A19103F-16F7-4668-BE54-9A1E7A4F7556}") = "Wokhan.Data.Providers.OracleManaged", "Wokhan.Data.Providers.OracleManaged\Wokhan.Data.Providers.OracleManaged.csproj", "{2D43D4C6-79E9-463C-8D67-F932DFC6EDBF}"
EndProject
Project("{9A19103F-16F7-4668-BE54-9A1E7A4F7556}") = "Wokhan.Data.Providers.Excel", "Wokhan.Data.Providers.Excel\Wokhan.Data.Providers.Excel.csproj", "{1CECEE50-B636-4844-BABE-FA8501DEC32E}"
EndProject
Project("{9A19103F-16F7-4668-BE54-9A1E7A4F7556}") = "Wokhan.Data.Providers", "Wokhan.Data.Providers\Wokhan.Data.Providers.csproj", "{AB2C616C-8B8D-40DB-B460-36C71A9FEF21}"
EndProject
Project("{9A19103F-16F7-4668-BE54-9A1E7A4F7556}") = "Wokhan.Data.Providers.NPOIExcel", "Wokhan.Data.Providers.NPOIExcel\Wokhan.Data.Providers.NPOIExcel.csproj", "{140BF132-258A-4EA1-8611-1D5F4AC40449}"
EndProject
Project("{9A19103F-16F7-4668-BE54-9A1E7A4F7556}") = "Wokhan.Data.Providers.Ldap", "Wokhan.Data.Providers.Ldap\Wokhan.Data.Providers.Ldap.csproj", "{AB4AB5ED-91FE-4274-A219-8474FFFE52F2}"
EndProject
Project("{9A19103F-16F7-4668-BE54-9A1E7A4F7556}") = "Wokhan.Data.Providers.Database", "Wokhan.Data.Providers.Database\Wokhan.Data.Providers.Database.csproj", "{07033D26-130E-4749-95FF-283391CE73E4}"
EndProject
Project("{9A19103F-16F7-4668-BE54-9A1E7A4F7556}") = "Wokhan.Data.Providers.Tests", "Wokhan.Data.Providers.Tests\Wokhan.Data.Providers.Tests.csproj", "{69BD3587-19DC-422D-B039-63066DD54144}"
EndProject
Project("{2150E333-8FDC-42A3-9474-1A3956D46DE8}") = "Solution Items", "Solution Items", "{D73BD420-E6CD-40E1-9803-39F10C4979A6}"
	ProjectSection(SolutionItems) = preProject
		.gitignore = .gitignore
		global.json = global.json
		.github\workflows\nuget-publish.yml = .github\workflows\nuget-publish.yml
	EndProjectSection
EndProject
Project("{2150E333-8FDC-42A3-9474-1A3956D46DE8}") = "github", "github", "{D623B3ED-0BE9-4FAB-8DF6-473F29B44D42}"
EndProject
Project("{2150E333-8FDC-42A3-9474-1A3956D46DE8}") = "workflows", "workflows", "{237F6F6D-58D9-4EA0-8EC1-8BFB9EB91F3F}"
	ProjectSection(SolutionItems) = preProject
		.github\workflows\nuget-publish.yml = .github\workflows\nuget-publish.yml
	EndProjectSection
EndProject
Global
	GlobalSection(SolutionConfigurationPlatforms) = preSolution
		Debug|Any CPU = Debug|Any CPU
		Debug|x64 = Debug|x64
		Debug|x86 = Debug|x86
		Release|Any CPU = Release|Any CPU
		Release|x64 = Release|x64
		Release|x86 = Release|x86
	EndGlobalSection
	GlobalSection(ProjectConfigurationPlatforms) = postSolution
		{2D43D4C6-79E9-463C-8D67-F932DFC6EDBF}.Debug|Any CPU.ActiveCfg = Debug|Any CPU
		{2D43D4C6-79E9-463C-8D67-F932DFC6EDBF}.Debug|Any CPU.Build.0 = Debug|Any CPU
		{2D43D4C6-79E9-463C-8D67-F932DFC6EDBF}.Debug|x64.ActiveCfg = Debug|Any CPU
		{2D43D4C6-79E9-463C-8D67-F932DFC6EDBF}.Debug|x64.Build.0 = Debug|Any CPU
		{2D43D4C6-79E9-463C-8D67-F932DFC6EDBF}.Debug|x86.ActiveCfg = Debug|Any CPU
		{2D43D4C6-79E9-463C-8D67-F932DFC6EDBF}.Debug|x86.Build.0 = Debug|Any CPU
		{2D43D4C6-79E9-463C-8D67-F932DFC6EDBF}.Release|Any CPU.ActiveCfg = Release|Any CPU
		{2D43D4C6-79E9-463C-8D67-F932DFC6EDBF}.Release|Any CPU.Build.0 = Release|Any CPU
		{2D43D4C6-79E9-463C-8D67-F932DFC6EDBF}.Release|x64.ActiveCfg = Release|Any CPU
		{2D43D4C6-79E9-463C-8D67-F932DFC6EDBF}.Release|x64.Build.0 = Release|Any CPU
		{2D43D4C6-79E9-463C-8D67-F932DFC6EDBF}.Release|x86.ActiveCfg = Release|Any CPU
		{2D43D4C6-79E9-463C-8D67-F932DFC6EDBF}.Release|x86.Build.0 = Release|Any CPU
		{1CECEE50-B636-4844-BABE-FA8501DEC32E}.Debug|Any CPU.ActiveCfg = Debug|Any CPU
		{1CECEE50-B636-4844-BABE-FA8501DEC32E}.Debug|Any CPU.Build.0 = Debug|Any CPU
		{1CECEE50-B636-4844-BABE-FA8501DEC32E}.Debug|x64.ActiveCfg = Debug|Any CPU
		{1CECEE50-B636-4844-BABE-FA8501DEC32E}.Debug|x64.Build.0 = Debug|Any CPU
		{1CECEE50-B636-4844-BABE-FA8501DEC32E}.Debug|x86.ActiveCfg = Debug|Any CPU
		{1CECEE50-B636-4844-BABE-FA8501DEC32E}.Debug|x86.Build.0 = Debug|Any CPU
		{1CECEE50-B636-4844-BABE-FA8501DEC32E}.Release|Any CPU.ActiveCfg = Release|Any CPU
		{1CECEE50-B636-4844-BABE-FA8501DEC32E}.Release|Any CPU.Build.0 = Release|Any CPU
		{1CECEE50-B636-4844-BABE-FA8501DEC32E}.Release|x64.ActiveCfg = Release|Any CPU
		{1CECEE50-B636-4844-BABE-FA8501DEC32E}.Release|x64.Build.0 = Release|Any CPU
		{1CECEE50-B636-4844-BABE-FA8501DEC32E}.Release|x86.ActiveCfg = Release|Any CPU
		{1CECEE50-B636-4844-BABE-FA8501DEC32E}.Release|x86.Build.0 = Release|Any CPU
		{AB2C616C-8B8D-40DB-B460-36C71A9FEF21}.Debug|Any CPU.ActiveCfg = Debug|Any CPU
		{AB2C616C-8B8D-40DB-B460-36C71A9FEF21}.Debug|Any CPU.Build.0 = Debug|Any CPU
		{AB2C616C-8B8D-40DB-B460-36C71A9FEF21}.Debug|x64.ActiveCfg = Debug|Any CPU
		{AB2C616C-8B8D-40DB-B460-36C71A9FEF21}.Debug|x64.Build.0 = Debug|Any CPU
		{AB2C616C-8B8D-40DB-B460-36C71A9FEF21}.Debug|x86.ActiveCfg = Debug|Any CPU
		{AB2C616C-8B8D-40DB-B460-36C71A9FEF21}.Debug|x86.Build.0 = Debug|Any CPU
		{AB2C616C-8B8D-40DB-B460-36C71A9FEF21}.Release|Any CPU.ActiveCfg = Release|Any CPU
		{AB2C616C-8B8D-40DB-B460-36C71A9FEF21}.Release|Any CPU.Build.0 = Release|Any CPU
		{AB2C616C-8B8D-40DB-B460-36C71A9FEF21}.Release|x64.ActiveCfg = Release|Any CPU
		{AB2C616C-8B8D-40DB-B460-36C71A9FEF21}.Release|x64.Build.0 = Release|Any CPU
		{AB2C616C-8B8D-40DB-B460-36C71A9FEF21}.Release|x86.ActiveCfg = Release|Any CPU
		{AB2C616C-8B8D-40DB-B460-36C71A9FEF21}.Release|x86.Build.0 = Release|Any CPU
		{140BF132-258A-4EA1-8611-1D5F4AC40449}.Debug|Any CPU.ActiveCfg = Debug|Any CPU
		{140BF132-258A-4EA1-8611-1D5F4AC40449}.Debug|Any CPU.Build.0 = Debug|Any CPU
		{140BF132-258A-4EA1-8611-1D5F4AC40449}.Debug|x64.ActiveCfg = Debug|Any CPU
		{140BF132-258A-4EA1-8611-1D5F4AC40449}.Debug|x64.Build.0 = Debug|Any CPU
		{140BF132-258A-4EA1-8611-1D5F4AC40449}.Debug|x86.ActiveCfg = Debug|Any CPU
		{140BF132-258A-4EA1-8611-1D5F4AC40449}.Debug|x86.Build.0 = Debug|Any CPU
		{140BF132-258A-4EA1-8611-1D5F4AC40449}.Release|Any CPU.ActiveCfg = Release|Any CPU
		{140BF132-258A-4EA1-8611-1D5F4AC40449}.Release|Any CPU.Build.0 = Release|Any CPU
		{140BF132-258A-4EA1-8611-1D5F4AC40449}.Release|x64.ActiveCfg = Release|Any CPU
		{140BF132-258A-4EA1-8611-1D5F4AC40449}.Release|x64.Build.0 = Release|Any CPU
		{140BF132-258A-4EA1-8611-1D5F4AC40449}.Release|x86.ActiveCfg = Release|Any CPU
		{140BF132-258A-4EA1-8611-1D5F4AC40449}.Release|x86.Build.0 = Release|Any CPU
		{AB4AB5ED-91FE-4274-A219-8474FFFE52F2}.Debug|Any CPU.ActiveCfg = Debug|Any CPU
		{AB4AB5ED-91FE-4274-A219-8474FFFE52F2}.Debug|Any CPU.Build.0 = Debug|Any CPU
		{AB4AB5ED-91FE-4274-A219-8474FFFE52F2}.Debug|x64.ActiveCfg = Debug|Any CPU
		{AB4AB5ED-91FE-4274-A219-8474FFFE52F2}.Debug|x64.Build.0 = Debug|Any CPU
		{AB4AB5ED-91FE-4274-A219-8474FFFE52F2}.Debug|x86.ActiveCfg = Debug|Any CPU
		{AB4AB5ED-91FE-4274-A219-8474FFFE52F2}.Debug|x86.Build.0 = Debug|Any CPU
		{AB4AB5ED-91FE-4274-A219-8474FFFE52F2}.Release|Any CPU.ActiveCfg = Release|Any CPU
		{AB4AB5ED-91FE-4274-A219-8474FFFE52F2}.Release|Any CPU.Build.0 = Release|Any CPU
		{AB4AB5ED-91FE-4274-A219-8474FFFE52F2}.Release|x64.ActiveCfg = Release|Any CPU
		{AB4AB5ED-91FE-4274-A219-8474FFFE52F2}.Release|x64.Build.0 = Release|Any CPU
		{AB4AB5ED-91FE-4274-A219-8474FFFE52F2}.Release|x86.ActiveCfg = Release|Any CPU
		{AB4AB5ED-91FE-4274-A219-8474FFFE52F2}.Release|x86.Build.0 = Release|Any CPU
		{07033D26-130E-4749-95FF-283391CE73E4}.Debug|Any CPU.ActiveCfg = Debug|Any CPU
		{07033D26-130E-4749-95FF-283391CE73E4}.Debug|Any CPU.Build.0 = Debug|Any CPU
		{07033D26-130E-4749-95FF-283391CE73E4}.Debug|x64.ActiveCfg = Debug|Any CPU
		{07033D26-130E-4749-95FF-283391CE73E4}.Debug|x64.Build.0 = Debug|Any CPU
		{07033D26-130E-4749-95FF-283391CE73E4}.Debug|x86.ActiveCfg = Debug|Any CPU
		{07033D26-130E-4749-95FF-283391CE73E4}.Debug|x86.Build.0 = Debug|Any CPU
		{07033D26-130E-4749-95FF-283391CE73E4}.Release|Any CPU.ActiveCfg = Release|Any CPU
		{07033D26-130E-4749-95FF-283391CE73E4}.Release|Any CPU.Build.0 = Release|Any CPU
		{07033D26-130E-4749-95FF-283391CE73E4}.Release|x64.ActiveCfg = Release|Any CPU
		{07033D26-130E-4749-95FF-283391CE73E4}.Release|x64.Build.0 = Release|Any CPU
		{07033D26-130E-4749-95FF-283391CE73E4}.Release|x86.ActiveCfg = Release|Any CPU
		{07033D26-130E-4749-95FF-283391CE73E4}.Release|x86.Build.0 = Release|Any CPU
		{69BD3587-19DC-422D-B039-63066DD54144}.Debug|Any CPU.ActiveCfg = Debug|Any CPU
		{69BD3587-19DC-422D-B039-63066DD54144}.Debug|Any CPU.Build.0 = Debug|Any CPU
		{69BD3587-19DC-422D-B039-63066DD54144}.Debug|x64.ActiveCfg = Debug|Any CPU
		{69BD3587-19DC-422D-B039-63066DD54144}.Debug|x64.Build.0 = Debug|Any CPU
		{69BD3587-19DC-422D-B039-63066DD54144}.Debug|x86.ActiveCfg = Debug|Any CPU
		{69BD3587-19DC-422D-B039-63066DD54144}.Debug|x86.Build.0 = Debug|Any CPU
		{69BD3587-19DC-422D-B039-63066DD54144}.Release|Any CPU.ActiveCfg = Release|Any CPU
		{69BD3587-19DC-422D-B039-63066DD54144}.Release|Any CPU.Build.0 = Release|Any CPU
		{69BD3587-19DC-422D-B039-63066DD54144}.Release|x64.ActiveCfg = Release|Any CPU
		{69BD3587-19DC-422D-B039-63066DD54144}.Release|x64.Build.0 = Release|Any CPU
		{69BD3587-19DC-422D-B039-63066DD54144}.Release|x86.ActiveCfg = Release|Any CPU
		{69BD3587-19DC-422D-B039-63066DD54144}.Release|x86.Build.0 = Release|Any CPU
	EndGlobalSection
	GlobalSection(SolutionProperties) = preSolution
		HideSolutionNode = FALSE
	EndGlobalSection
	GlobalSection(NestedProjects) = preSolution
		{D623B3ED-0BE9-4FAB-8DF6-473F29B44D42} = {D73BD420-E6CD-40E1-9803-39F10C4979A6}
		{237F6F6D-58D9-4EA0-8EC1-8BFB9EB91F3F} = {D623B3ED-0BE9-4FAB-8DF6-473F29B44D42}
	EndGlobalSection
	GlobalSection(ExtensibilityGlobals) = postSolution
		SolutionGuid = {4BB7C6B8-DAF4-4E01-B502-9E26075F82B2}
	EndGlobalSection
	GlobalSection(Performance) = preSolution
		HasPerformanceSessions = true
	EndGlobalSection
EndGlobal
